// !$*UTF8*$!
{
	archiveVersion = 1;
	classes = {
	};
	objectVersion = 77;
	objects = {

/* Begin PBXBuildFile section */
		D01362DC2CD50C3E0027E1CB /* DiffableDataSourcePractice.swift in Sources */ = {isa = PBXBuildFile; fileRef = D01362DB2CD50C3E0027E1CB /* DiffableDataSourcePractice.swift */; };
		D01362DE2CD50C7E0027E1CB /* FirstPracticeCell.swift in Sources */ = {isa = PBXBuildFile; fileRef = D01362DD2CD50C7E0027E1CB /* FirstPracticeCell.swift */; };
		D01362E02CD50C890027E1CB /* SecondPracticeCell.swift in Sources */ = {isa = PBXBuildFile; fileRef = D01362DF2CD50C880027E1CB /* SecondPracticeCell.swift */; };
		D01362F42CD5F0D90027E1CB /* Alamofire in Frameworks */ = {isa = PBXBuildFile; productRef = D01362F32CD5F0D90027E1CB /* Alamofire */; };
		D01362F92CD5F3B10027E1CB /* Environment.swift in Sources */ = {isa = PBXBuildFile; fileRef = D01362F82CD5F3AD0027E1CB /* Environment.swift */; };
		D01362FC2CD5F3D50027E1CB /* NetworkError.swift in Sources */ = {isa = PBXBuildFile; fileRef = D01362FB2CD5F3D40027E1CB /* NetworkError.swift */; };
		D01362FE2CD5F9290027E1CB /* RegisterRequest.swift in Sources */ = {isa = PBXBuildFile; fileRef = D01362FD2CD5F9280027E1CB /* RegisterRequest.swift */; };
		D01363022CD5F97B0027E1CB /* UserService.swift in Sources */ = {isa = PBXBuildFile; fileRef = D01363012CD5F97A0027E1CB /* UserService.swift */; };
		D01363042CD5FEC10027E1CB /* LoginPracticeController.swift in Sources */ = {isa = PBXBuildFile; fileRef = D01363032CD5FEA00027E1CB /* LoginPracticeController.swift */; };
		D01363092CD604770027E1CB /* LoginRequestDTO.swift in Sources */ = {isa = PBXBuildFile; fileRef = D01363082CD604700027E1CB /* LoginRequestDTO.swift */; };
		D013630E2CD604D60027E1CB /* LoginResponseDTO.swift in Sources */ = {isa = PBXBuildFile; fileRef = D013630D2CD604CC0027E1CB /* LoginResponseDTO.swift */; };
		D01363112CD6055F0027E1CB /* LoginService.swift in Sources */ = {isa = PBXBuildFile; fileRef = D01363102CD6055B0027E1CB /* LoginService.swift */; };
		D01362E62CD54A5D0027E1CB /* FinanceViewController.swift in Sources */ = {isa = PBXBuildFile; fileRef = D01362E52CD54A5D0027E1CB /* FinanceViewController.swift */; };
		D01362E82CD54A990027E1CB /* FinanceView.swift in Sources */ = {isa = PBXBuildFile; fileRef = D01362E72CD54A990027E1CB /* FinanceView.swift */; };
		D01362ED2CD54EF70027E1CB /* BannerCell.swift in Sources */ = {isa = PBXBuildFile; fileRef = D01362EC2CD54EE10027E1CB /* BannerCell.swift */; };
		D01362EF2CD54F4E0027E1CB /* NSObject+.swift in Sources */ = {isa = PBXBuildFile; fileRef = D01362EE2CD54F470027E1CB /* NSObject+.swift */; };
		D01362F12CD5554F0027E1CB /* CompositionalLayoutManager.swift in Sources */ = {isa = PBXBuildFile; fileRef = D01362F02CD5552B0027E1CB /* CompositionalLayoutManager.swift */; };
		D04DE9932CD136D00017478B /* ReviewView.swift in Sources */ = {isa = PBXBuildFile; fileRef = D04DE9922CD136D00017478B /* ReviewView.swift */; };
		D04DE9972CD14E150017478B /* UIButton+.swift in Sources */ = {isa = PBXBuildFile; fileRef = D04DE9962CD14E110017478B /* UIButton+.swift */; };
		D0581C0A2CD08B2200D0BA63 /* AppDetailView.swift in Sources */ = {isa = PBXBuildFile; fileRef = D0581C092CD08B2200D0BA63 /* AppDetailView.swift */; };
		D0581C0C2CD08B4300D0BA63 /* AppDetailViewController.swift in Sources */ = {isa = PBXBuildFile; fileRef = D0581C0B2CD08B4300D0BA63 /* AppDetailViewController.swift */; };
		D0581C102CD0C3FE00D0BA63 /* HeaderView.swift in Sources */ = {isa = PBXBuildFile; fileRef = D0581C0F2CD0C3FE00D0BA63 /* HeaderView.swift */; };
		D0581C122CD0C47200D0BA63 /* NewIssueView.swift in Sources */ = {isa = PBXBuildFile; fileRef = D0581C112CD0C47200D0BA63 /* NewIssueView.swift */; };
		D0581C162CD0C91100D0BA63 /* InfoDetailView.swift in Sources */ = {isa = PBXBuildFile; fileRef = D0581C152CD0C91100D0BA63 /* InfoDetailView.swift */; };
		D0581C182CD0CB4500D0BA63 /* InfoView.swift in Sources */ = {isa = PBXBuildFile; fileRef = D0581C172CD0CB4500D0BA63 /* InfoView.swift */; };
		D0581C1A2CD1257600D0BA63 /* UILabel+.swift in Sources */ = {isa = PBXBuildFile; fileRef = D0581C192CD1257100D0BA63 /* UILabel+.swift */; };
		D0581C1C2CD1263E00D0BA63 /* PreviewView.swift in Sources */ = {isa = PBXBuildFile; fileRef = D0581C1B2CD1263E00D0BA63 /* PreviewView.swift */; };
		D05ADF452CCB7B7600D819A5 /* PracticeModel_MVVM.swift in Sources */ = {isa = PBXBuildFile; fileRef = D05ADF442CCB7B7100D819A5 /* PracticeModel_MVVM.swift */; };
		D05ADF472CCB7D3C00D819A5 /* PracticeView_MVVM.swift in Sources */ = {isa = PBXBuildFile; fileRef = D05ADF462CCB7D3600D819A5 /* PracticeView_MVVM.swift */; };
		D05ADF492CCB7F2000D819A5 /* PracticeViewController_MVVM.swift in Sources */ = {isa = PBXBuildFile; fileRef = D05ADF482CCB7F1400D819A5 /* PracticeViewController_MVVM.swift */; };
		D05ADF4B2CCB83BB00D819A5 /* PracticeViewModel.swift in Sources */ = {isa = PBXBuildFile; fileRef = D05ADF4A2CCB83B300D819A5 /* PracticeViewModel.swift */; };
		D05ADF4E2CCCB51200D819A5 /* TableViewPractice.swift in Sources */ = {isa = PBXBuildFile; fileRef = D05ADF4D2CCCB4EA00D819A5 /* TableViewPractice.swift */; };
		D05ADF502CCCB5BA00D819A5 /* App.swift in Sources */ = {isa = PBXBuildFile; fileRef = D05ADF4F2CCCB5AE00D819A5 /* App.swift */; };
		D05ADF522CCCB66500D819A5 /* DownloadState.swift in Sources */ = {isa = PBXBuildFile; fileRef = D05ADF512CCCB65300D819A5 /* DownloadState.swift */; };
		D05ADF542CCCB81A00D819A5 /* ChartCell.swift in Sources */ = {isa = PBXBuildFile; fileRef = D05ADF532CCCB81500D819A5 /* ChartCell.swift */; };
		D05ADF562CCCB95C00D819A5 /* UIStackView+.swift in Sources */ = {isa = PBXBuildFile; fileRef = D05ADF552CCCB95600D819A5 /* UIStackView+.swift */; };
		D05ADF582CCCC56200D819A5 /* CollectionViewPractice.swift in Sources */ = {isa = PBXBuildFile; fileRef = D05ADF572CCCC55500D819A5 /* CollectionViewPractice.swift */; };
		D05ADF5C2CCCC84500D819A5 /* PhotoCell.swift in Sources */ = {isa = PBXBuildFile; fileRef = D05ADF5B2CCCC84500D819A5 /* PhotoCell.swift */; };
		D05ADF5E2CCCCF3E00D819A5 /* Photo.swift in Sources */ = {isa = PBXBuildFile; fileRef = D05ADF5D2CCCCF3900D819A5 /* Photo.swift */; };
		D0914B072CF9E05F00B3693B /* BannerCell_SwiftUI.swift in Sources */ = {isa = PBXBuildFile; fileRef = D0914B062CF9E05300B3693B /* BannerCell_SwiftUI.swift */; };
		D0914B092CF9E7E800B3693B /* BannerModel.swift in Sources */ = {isa = PBXBuildFile; fileRef = D0914B082CF9E7E500B3693B /* BannerModel.swift */; };
		D0BD44F92CBA5A5D00128E74 /* Assets.xcassets in Resources */ = {isa = PBXBuildFile; fileRef = D0BD44F22CBA5A5D00128E74 /* Assets.xcassets */; };
		D0BD44FB2CBA5A5D00128E74 /* LaunchScreen.storyboard in Resources */ = {isa = PBXBuildFile; fileRef = D0BD44F52CBA5A5D00128E74 /* LaunchScreen.storyboard */; };
		D0BD44FC2CBA5A5D00128E74 /* DetailViewController.swift in Sources */ = {isa = PBXBuildFile; fileRef = D0BD44E92CBA5A5D00128E74 /* DetailViewController.swift */; };
		D0BD44FD2CBA5A5D00128E74 /* PracticeViewController.swift in Sources */ = {isa = PBXBuildFile; fileRef = D0BD44EA2CBA5A5D00128E74 /* PracticeViewController.swift */; };
		D0BD44FE2CBA5A5D00128E74 /* NicknameViewController_Closure.swift in Sources */ = {isa = PBXBuildFile; fileRef = D0BD44EC2CBA5A5D00128E74 /* NicknameViewController_Closure.swift */; };
		D0BD44FF2CBA5A5D00128E74 /* NicknameViewController_Delegate.swift in Sources */ = {isa = PBXBuildFile; fileRef = D0BD44ED2CBA5A5D00128E74 /* NicknameViewController_Delegate.swift */; };
		D0BD45002CBA5A5D00128E74 /* PracticeViewController_Closure.swift in Sources */ = {isa = PBXBuildFile; fileRef = D0BD44EE2CBA5A5D00128E74 /* PracticeViewController_Closure.swift */; };
		D0BD45012CBA5A5D00128E74 /* PracticeViewController_Delegate.swift in Sources */ = {isa = PBXBuildFile; fileRef = D0BD44EF2CBA5A5D00128E74 /* PracticeViewController_Delegate.swift */; };
		D0BD45022CBA5A5D00128E74 /* AppDelegate.swift in Sources */ = {isa = PBXBuildFile; fileRef = D0BD44F12CBA5A5D00128E74 /* AppDelegate.swift */; };
		D0BD45032CBA5A5D00128E74 /* SceneDelegate.swift in Sources */ = {isa = PBXBuildFile; fileRef = D0BD44F62CBA5A5D00128E74 /* SceneDelegate.swift */; };
		D0BD45042CBA5A5D00128E74 /* ViewController.swift in Sources */ = {isa = PBXBuildFile; fileRef = D0BD44F72CBA5A5D00128E74 /* ViewController.swift */; };
		D0BD45102CBA5BF200128E74 /* UIView+.swift in Sources */ = {isa = PBXBuildFile; fileRef = D0BD450F2CBA5BEF00128E74 /* UIView+.swift */; };
		D0BD45122CBA5C3700128E74 /* ScrollViewPracticeViewController.swift in Sources */ = {isa = PBXBuildFile; fileRef = D0BD45112CBA5C2200128E74 /* ScrollViewPracticeViewController.swift */; };
		D0BD45152CBA5D5600128E74 /* SnapKit in Frameworks */ = {isa = PBXBuildFile; productRef = D0BD45142CBA5D5600128E74 /* SnapKit */; };
		D0BD45182CBA5DA900128E74 /* Then in Frameworks */ = {isa = PBXBuildFile; productRef = D0BD45172CBA5DA900128E74 /* Then */; };
		D0BD45252CCAC9CE00128E74 /* PracticeView.swift in Sources */ = {isa = PBXBuildFile; fileRef = D0BD45242CCAC9C500128E74 /* PracticeView.swift */; };
		D0BD45272CCAD1D600128E74 /* PracticeModel.swift in Sources */ = {isa = PBXBuildFile; fileRef = D0BD45262CCAD1D200128E74 /* PracticeModel.swift */; };
		D0BD45292CCAD41100128E74 /* PracticeViewController_MVC.swift in Sources */ = {isa = PBXBuildFile; fileRef = D0BD45282CCAD40400128E74 /* PracticeViewController_MVC.swift */; };
/* End PBXBuildFile section */

/* Begin PBXFileReference section */
		D004F8A12CB1029100D5A2CD /* 35th-SOPT-Seminar.app */ = {isa = PBXFileReference; explicitFileType = wrapper.application; includeInIndex = 0; path = "35th-SOPT-Seminar.app"; sourceTree = BUILT_PRODUCTS_DIR; };
		D01362DB2CD50C3E0027E1CB /* DiffableDataSourcePractice.swift */ = {isa = PBXFileReference; lastKnownFileType = sourcecode.swift; path = DiffableDataSourcePractice.swift; sourceTree = "<group>"; };
		D01362DD2CD50C7E0027E1CB /* FirstPracticeCell.swift */ = {isa = PBXFileReference; lastKnownFileType = sourcecode.swift; path = FirstPracticeCell.swift; sourceTree = "<group>"; };
		D01362DF2CD50C880027E1CB /* SecondPracticeCell.swift */ = {isa = PBXFileReference; lastKnownFileType = sourcecode.swift; path = SecondPracticeCell.swift; sourceTree = "<group>"; };
		D01362F72CD5F26B0027E1CB /* Config.xcconfig */ = {isa = PBXFileReference; lastKnownFileType = text.xcconfig; path = Config.xcconfig; sourceTree = "<group>"; };
		D01362F82CD5F3AD0027E1CB /* Environment.swift */ = {isa = PBXFileReference; lastKnownFileType = sourcecode.swift; path = Environment.swift; sourceTree = "<group>"; };
		D01362FB2CD5F3D40027E1CB /* NetworkError.swift */ = {isa = PBXFileReference; lastKnownFileType = sourcecode.swift; path = NetworkError.swift; sourceTree = "<group>"; };
		D01362FD2CD5F9280027E1CB /* RegisterRequest.swift */ = {isa = PBXFileReference; lastKnownFileType = sourcecode.swift; path = RegisterRequest.swift; sourceTree = "<group>"; };
		D01363012CD5F97A0027E1CB /* UserService.swift */ = {isa = PBXFileReference; lastKnownFileType = sourcecode.swift; path = UserService.swift; sourceTree = "<group>"; };
		D01363032CD5FEA00027E1CB /* LoginPracticeController.swift */ = {isa = PBXFileReference; lastKnownFileType = sourcecode.swift; path = LoginPracticeController.swift; sourceTree = "<group>"; };
		D01363082CD604700027E1CB /* LoginRequestDTO.swift */ = {isa = PBXFileReference; lastKnownFileType = sourcecode.swift; path = LoginRequestDTO.swift; sourceTree = "<group>"; };
		D013630D2CD604CC0027E1CB /* LoginResponseDTO.swift */ = {isa = PBXFileReference; lastKnownFileType = sourcecode.swift; path = LoginResponseDTO.swift; sourceTree = "<group>"; };
		D01363102CD6055B0027E1CB /* LoginService.swift */ = {isa = PBXFileReference; lastKnownFileType = sourcecode.swift; path = LoginService.swift; sourceTree = "<group>"; };
		D01362E52CD54A5D0027E1CB /* FinanceViewController.swift */ = {isa = PBXFileReference; lastKnownFileType = sourcecode.swift; path = FinanceViewController.swift; sourceTree = "<group>"; };
		D01362E72CD54A990027E1CB /* FinanceView.swift */ = {isa = PBXFileReference; lastKnownFileType = sourcecode.swift; path = FinanceView.swift; sourceTree = "<group>"; };
		D01362EC2CD54EE10027E1CB /* BannerCell.swift */ = {isa = PBXFileReference; lastKnownFileType = sourcecode.swift; path = BannerCell.swift; sourceTree = "<group>"; };
		D01362EE2CD54F470027E1CB /* NSObject+.swift */ = {isa = PBXFileReference; lastKnownFileType = sourcecode.swift; path = "NSObject+.swift"; sourceTree = "<group>"; };
		D01362F02CD5552B0027E1CB /* CompositionalLayoutManager.swift */ = {isa = PBXFileReference; lastKnownFileType = sourcecode.swift; path = CompositionalLayoutManager.swift; sourceTree = "<group>"; };
		D04DE9922CD136D00017478B /* ReviewView.swift */ = {isa = PBXFileReference; lastKnownFileType = sourcecode.swift; path = ReviewView.swift; sourceTree = "<group>"; };
		D04DE9962CD14E110017478B /* UIButton+.swift */ = {isa = PBXFileReference; lastKnownFileType = sourcecode.swift; path = "UIButton+.swift"; sourceTree = "<group>"; };
		D0581C092CD08B2200D0BA63 /* AppDetailView.swift */ = {isa = PBXFileReference; lastKnownFileType = sourcecode.swift; path = AppDetailView.swift; sourceTree = "<group>"; };
		D0581C0B2CD08B4300D0BA63 /* AppDetailViewController.swift */ = {isa = PBXFileReference; lastKnownFileType = sourcecode.swift; path = AppDetailViewController.swift; sourceTree = "<group>"; };
		D0581C0F2CD0C3FE00D0BA63 /* HeaderView.swift */ = {isa = PBXFileReference; lastKnownFileType = sourcecode.swift; path = HeaderView.swift; sourceTree = "<group>"; };
		D0581C112CD0C47200D0BA63 /* NewIssueView.swift */ = {isa = PBXFileReference; lastKnownFileType = sourcecode.swift; path = NewIssueView.swift; sourceTree = "<group>"; };
		D0581C152CD0C91100D0BA63 /* InfoDetailView.swift */ = {isa = PBXFileReference; lastKnownFileType = sourcecode.swift; path = InfoDetailView.swift; sourceTree = "<group>"; };
		D0581C172CD0CB4500D0BA63 /* InfoView.swift */ = {isa = PBXFileReference; lastKnownFileType = sourcecode.swift; path = InfoView.swift; sourceTree = "<group>"; };
		D0581C192CD1257100D0BA63 /* UILabel+.swift */ = {isa = PBXFileReference; lastKnownFileType = sourcecode.swift; path = "UILabel+.swift"; sourceTree = "<group>"; };
		D0581C1B2CD1263E00D0BA63 /* PreviewView.swift */ = {isa = PBXFileReference; lastKnownFileType = sourcecode.swift; path = PreviewView.swift; sourceTree = "<group>"; };
		D05ADF442CCB7B7100D819A5 /* PracticeModel_MVVM.swift */ = {isa = PBXFileReference; lastKnownFileType = sourcecode.swift; path = PracticeModel_MVVM.swift; sourceTree = "<group>"; };
		D05ADF462CCB7D3600D819A5 /* PracticeView_MVVM.swift */ = {isa = PBXFileReference; lastKnownFileType = sourcecode.swift; path = PracticeView_MVVM.swift; sourceTree = "<group>"; };
		D05ADF482CCB7F1400D819A5 /* PracticeViewController_MVVM.swift */ = {isa = PBXFileReference; lastKnownFileType = sourcecode.swift; path = PracticeViewController_MVVM.swift; sourceTree = "<group>"; };
		D05ADF4A2CCB83B300D819A5 /* PracticeViewModel.swift */ = {isa = PBXFileReference; lastKnownFileType = sourcecode.swift; path = PracticeViewModel.swift; sourceTree = "<group>"; };
		D05ADF4D2CCCB4EA00D819A5 /* TableViewPractice.swift */ = {isa = PBXFileReference; lastKnownFileType = sourcecode.swift; path = TableViewPractice.swift; sourceTree = "<group>"; };
		D05ADF4F2CCCB5AE00D819A5 /* App.swift */ = {isa = PBXFileReference; lastKnownFileType = sourcecode.swift; path = App.swift; sourceTree = "<group>"; };
		D05ADF512CCCB65300D819A5 /* DownloadState.swift */ = {isa = PBXFileReference; lastKnownFileType = sourcecode.swift; path = DownloadState.swift; sourceTree = "<group>"; };
		D05ADF532CCCB81500D819A5 /* ChartCell.swift */ = {isa = PBXFileReference; lastKnownFileType = sourcecode.swift; path = ChartCell.swift; sourceTree = "<group>"; };
		D05ADF552CCCB95600D819A5 /* UIStackView+.swift */ = {isa = PBXFileReference; lastKnownFileType = sourcecode.swift; path = "UIStackView+.swift"; sourceTree = "<group>"; };
		D05ADF572CCCC55500D819A5 /* CollectionViewPractice.swift */ = {isa = PBXFileReference; lastKnownFileType = sourcecode.swift; path = CollectionViewPractice.swift; sourceTree = "<group>"; };
		D05ADF5B2CCCC84500D819A5 /* PhotoCell.swift */ = {isa = PBXFileReference; lastKnownFileType = sourcecode.swift; path = PhotoCell.swift; sourceTree = "<group>"; };
		D05ADF5D2CCCCF3900D819A5 /* Photo.swift */ = {isa = PBXFileReference; lastKnownFileType = sourcecode.swift; path = Photo.swift; sourceTree = "<group>"; };
		D0914B062CF9E05300B3693B /* BannerCell_SwiftUI.swift */ = {isa = PBXFileReference; lastKnownFileType = sourcecode.swift; path = BannerCell_SwiftUI.swift; sourceTree = "<group>"; };
		D0914B082CF9E7E500B3693B /* BannerModel.swift */ = {isa = PBXFileReference; lastKnownFileType = sourcecode.swift; path = BannerModel.swift; sourceTree = "<group>"; };
		D0BD44E92CBA5A5D00128E74 /* DetailViewController.swift */ = {isa = PBXFileReference; lastKnownFileType = sourcecode.swift; path = DetailViewController.swift; sourceTree = "<group>"; };
		D0BD44EA2CBA5A5D00128E74 /* PracticeViewController.swift */ = {isa = PBXFileReference; lastKnownFileType = sourcecode.swift; path = PracticeViewController.swift; sourceTree = "<group>"; };
		D0BD44EC2CBA5A5D00128E74 /* NicknameViewController_Closure.swift */ = {isa = PBXFileReference; lastKnownFileType = sourcecode.swift; path = NicknameViewController_Closure.swift; sourceTree = "<group>"; };
		D0BD44ED2CBA5A5D00128E74 /* NicknameViewController_Delegate.swift */ = {isa = PBXFileReference; lastKnownFileType = sourcecode.swift; path = NicknameViewController_Delegate.swift; sourceTree = "<group>"; };
		D0BD44EE2CBA5A5D00128E74 /* PracticeViewController_Closure.swift */ = {isa = PBXFileReference; lastKnownFileType = sourcecode.swift; path = PracticeViewController_Closure.swift; sourceTree = "<group>"; };
		D0BD44EF2CBA5A5D00128E74 /* PracticeViewController_Delegate.swift */ = {isa = PBXFileReference; lastKnownFileType = sourcecode.swift; path = PracticeViewController_Delegate.swift; sourceTree = "<group>"; };
		D0BD44F12CBA5A5D00128E74 /* AppDelegate.swift */ = {isa = PBXFileReference; lastKnownFileType = sourcecode.swift; path = AppDelegate.swift; sourceTree = "<group>"; };
		D0BD44F22CBA5A5D00128E74 /* Assets.xcassets */ = {isa = PBXFileReference; lastKnownFileType = folder.assetcatalog; path = Assets.xcassets; sourceTree = "<group>"; };
		D0BD44F32CBA5A5D00128E74 /* Info.plist */ = {isa = PBXFileReference; lastKnownFileType = text.plist.xml; path = Info.plist; sourceTree = "<group>"; };
		D0BD44F42CBA5A5D00128E74 /* Base */ = {isa = PBXFileReference; lastKnownFileType = file.storyboard; name = Base; path = Base.lproj/LaunchScreen.storyboard; sourceTree = "<group>"; };
		D0BD44F62CBA5A5D00128E74 /* SceneDelegate.swift */ = {isa = PBXFileReference; lastKnownFileType = sourcecode.swift; path = SceneDelegate.swift; sourceTree = "<group>"; };
		D0BD44F72CBA5A5D00128E74 /* ViewController.swift */ = {isa = PBXFileReference; lastKnownFileType = sourcecode.swift; path = ViewController.swift; sourceTree = "<group>"; };
		D0BD450F2CBA5BEF00128E74 /* UIView+.swift */ = {isa = PBXFileReference; lastKnownFileType = sourcecode.swift; path = "UIView+.swift"; sourceTree = "<group>"; };
		D0BD45112CBA5C2200128E74 /* ScrollViewPracticeViewController.swift */ = {isa = PBXFileReference; lastKnownFileType = sourcecode.swift; path = ScrollViewPracticeViewController.swift; sourceTree = "<group>"; };
		D0BD45242CCAC9C500128E74 /* PracticeView.swift */ = {isa = PBXFileReference; lastKnownFileType = sourcecode.swift; path = PracticeView.swift; sourceTree = "<group>"; };
		D0BD45262CCAD1D200128E74 /* PracticeModel.swift */ = {isa = PBXFileReference; lastKnownFileType = sourcecode.swift; path = PracticeModel.swift; sourceTree = "<group>"; };
		D0BD45282CCAD40400128E74 /* PracticeViewController_MVC.swift */ = {isa = PBXFileReference; lastKnownFileType = sourcecode.swift; path = PracticeViewController_MVC.swift; sourceTree = "<group>"; };
/* End PBXFileReference section */

/* Begin PBXFrameworksBuildPhase section */
		D004F89E2CB1029100D5A2CD /* Frameworks */ = {
			isa = PBXFrameworksBuildPhase;
			buildActionMask = 2147483647;
			files = (
				D01362F42CD5F0D90027E1CB /* Alamofire in Frameworks */,
				D0BD45152CBA5D5600128E74 /* SnapKit in Frameworks */,
				D0BD45182CBA5DA900128E74 /* Then in Frameworks */,
			);
			runOnlyForDeploymentPostprocessing = 0;
		};
/* End PBXFrameworksBuildPhase section */

/* Begin PBXGroup section */
		D004F8982CB1029100D5A2CD = {
			isa = PBXGroup;
			children = (
				D01362F72CD5F26B0027E1CB /* Config.xcconfig */,
				D0BD44F82CBA5A5D00128E74 /* 35th-SOPT-Seminar */,
				D004F8A22CB1029100D5A2CD /* Products */,
			);
			sourceTree = "<group>";
		};
		D004F8A22CB1029100D5A2CD /* Products */ = {
			isa = PBXGroup;
			children = (
				D004F8A12CB1029100D5A2CD /* 35th-SOPT-Seminar.app */,
			);
			name = Products;
			sourceTree = "<group>";
		};
		D01362D82CD50BE10027E1CB /* DiffableDataSource */ = {
			isa = PBXGroup;
			children = (
				D01362DB2CD50C3E0027E1CB /* DiffableDataSourcePractice.swift */,
				D01362DD2CD50C7E0027E1CB /* FirstPracticeCell.swift */,
				D01362DF2CD50C880027E1CB /* SecondPracticeCell.swift */,
			);
			path = DiffableDataSource;
			sourceTree = "<group>";
		};
		D01362E12CD54A080027E1CB /* Finance */ = {
			isa = PBXGroup;
			children = (
				D01362EB2CD54E320027E1CB /* Component */,
				D01362E92CD54DE70027E1CB /* Model */,
				D01362E32CD54A370027E1CB /* View */,
				D01362E22CD54A300027E1CB /* ViewController */,
			);
			path = Finance;
			sourceTree = "<group>";
		};
		D01362E22CD54A300027E1CB /* ViewController */ = {
			isa = PBXGroup;
			children = (
				D01362E52CD54A5D0027E1CB /* FinanceViewController.swift */,
			);
			path = ViewController;
			sourceTree = "<group>";
		};
		D01362E32CD54A370027E1CB /* View */ = {
			isa = PBXGroup;
			children = (
				D01362EA2CD54E2E0027E1CB /* Cell */,
				D01362E72CD54A990027E1CB /* FinanceView.swift */,
			);
			path = View;
			sourceTree = "<group>";
		};
		D01362E92CD54DE70027E1CB /* Model */ = {
			isa = PBXGroup;
			children = (
				D0914B082CF9E7E500B3693B /* BannerModel.swift */,
			);
			path = Model;
			sourceTree = "<group>";
		};
		D01362EA2CD54E2E0027E1CB /* Cell */ = {
			isa = PBXGroup;
			children = (
				D0914B062CF9E05300B3693B /* BannerCell_SwiftUI.swift */,
				D01362EC2CD54EE10027E1CB /* BannerCell.swift */,
			);
			path = Cell;
			sourceTree = "<group>";
		};
		D01362EB2CD54E320027E1CB /* Component */ = {
			isa = PBXGroup;
			children = (
				D01362F02CD5552B0027E1CB /* CompositionalLayoutManager.swift */,
			);
			path = Component;
			sourceTree = "<group>";
		};
		D01362F62CD5F17E0027E1CB /* Week4 */ = {
			isa = PBXGroup;
			children = (
				D01363052CD601810027E1CB /* Network */,
				D01363032CD5FEA00027E1CB /* LoginPracticeController.swift */,
			);
			path = Week4;
			sourceTree = "<group>";
		};
		D01363052CD601810027E1CB /* Network */ = {
			isa = PBXGroup;
			children = (
				D013630F2CD605480027E1CB /* Base */,
				D01363072CD602F50027E1CB /* Join */,
				D01363062CD602EC0027E1CB /* Login */,
			);
			path = Network;
			sourceTree = "<group>";
		};
		D01363062CD602EC0027E1CB /* Login */ = {
			isa = PBXGroup;
			children = (
				D013630A2CD6047D0027E1CB /* DTO */,
				D01363102CD6055B0027E1CB /* LoginService.swift */,
			);
			path = Login;
			sourceTree = "<group>";
		};
		D01363072CD602F50027E1CB /* Join */ = {
			isa = PBXGroup;
			children = (
				D013630C2CD6049B0027E1CB /* DTO */,
				D01363012CD5F97A0027E1CB /* UserService.swift */,
			);
			path = Join;
			sourceTree = "<group>";
		};
		D013630A2CD6047D0027E1CB /* DTO */ = {
			isa = PBXGroup;
			children = (
				D01363082CD604700027E1CB /* LoginRequestDTO.swift */,
				D013630D2CD604CC0027E1CB /* LoginResponseDTO.swift */,
			);
			path = DTO;
			sourceTree = "<group>";
		};
		D013630C2CD6049B0027E1CB /* DTO */ = {
			isa = PBXGroup;
			children = (
				D01362FD2CD5F9280027E1CB /* RegisterRequest.swift */,
			);
			path = DTO;
			sourceTree = "<group>";
		};
		D013630F2CD605480027E1CB /* Base */ = {
			isa = PBXGroup;
			children = (
				D01362F82CD5F3AD0027E1CB /* Environment.swift */,
				D01362FB2CD5F3D40027E1CB /* NetworkError.swift */,
			);
			path = Base;
			sourceTree = "<group>";
		};
		D0581C052CD08AE400D0BA63 /* AppDetail */ = {
			isa = PBXGroup;
			children = (
				D0581C072CD08AFE00D0BA63 /* View */,
				D0581C062CD08AF800D0BA63 /* ViewController */,
			);
			path = AppDetail;
			sourceTree = "<group>";
		};
		D0581C062CD08AF800D0BA63 /* ViewController */ = {
			isa = PBXGroup;
			children = (
				D0581C0B2CD08B4300D0BA63 /* AppDetailViewController.swift */,
			);
			path = ViewController;
			sourceTree = "<group>";
		};
		D0581C072CD08AFE00D0BA63 /* View */ = {
			isa = PBXGroup;
			children = (
				D0581C132CD0C48200D0BA63 /* Component */,
				D0581C092CD08B2200D0BA63 /* AppDetailView.swift */,
			);
			path = View;
			sourceTree = "<group>";
		};
		D0581C132CD0C48200D0BA63 /* Component */ = {
			isa = PBXGroup;
			children = (
				D0581C142CD0C88A00D0BA63 /* CustomView */,
			);
			path = Component;
			sourceTree = "<group>";
		};
		D0581C142CD0C88A00D0BA63 /* CustomView */ = {
			isa = PBXGroup;
			children = (
				D0581C0F2CD0C3FE00D0BA63 /* HeaderView.swift */,
				D0581C152CD0C91100D0BA63 /* InfoDetailView.swift */,
				D0581C172CD0CB4500D0BA63 /* InfoView.swift */,
				D0581C112CD0C47200D0BA63 /* NewIssueView.swift */,
				D0581C1B2CD1263E00D0BA63 /* PreviewView.swift */,
				D04DE9922CD136D00017478B /* ReviewView.swift */,
			);
			path = CustomView;
			sourceTree = "<group>";
		};
		D05ADF402CCB7B3C00D819A5 /* MVVM Practice */ = {
			isa = PBXGroup;
			children = (
				D05ADF412CCB7B5900D819A5 /* Model */,
				D05ADF432CCB7B6600D819A5 /* View */,
				D05ADF422CCB7B5F00D819A5 /* ViewModel */,
			);
			path = "MVVM Practice";
			sourceTree = "<group>";
		};
		D05ADF412CCB7B5900D819A5 /* Model */ = {
			isa = PBXGroup;
			children = (
				D05ADF442CCB7B7100D819A5 /* PracticeModel_MVVM.swift */,
			);
			path = Model;
			sourceTree = "<group>";
		};
		D05ADF422CCB7B5F00D819A5 /* ViewModel */ = {
			isa = PBXGroup;
			children = (
				D05ADF4A2CCB83B300D819A5 /* PracticeViewModel.swift */,
			);
			path = ViewModel;
			sourceTree = "<group>";
		};
		D05ADF432CCB7B6600D819A5 /* View */ = {
			isa = PBXGroup;
			children = (
				D05ADF482CCB7F1400D819A5 /* PracticeViewController_MVVM.swift */,
				D05ADF462CCB7D3600D819A5 /* PracticeView_MVVM.swift */,
			);
			path = View;
			sourceTree = "<group>";
		};
		D05ADF4C2CCCB1DE00D819A5 /* Week3 */ = {
			isa = PBXGroup;
			children = (
				D01362D82CD50BE10027E1CB /* DiffableDataSource */,
				D05ADF592CCCC76E00D819A5 /* TableView */,
				D05ADF5A2CCCC77900D819A5 /* CollectionView */,
			);
			path = Week3;
			sourceTree = "<group>";
		};
		D05ADF592CCCC76E00D819A5 /* TableView */ = {
			isa = PBXGroup;
			children = (
				D05ADF532CCCB81500D819A5 /* ChartCell.swift */,
				D05ADF512CCCB65300D819A5 /* DownloadState.swift */,
				D05ADF4F2CCCB5AE00D819A5 /* App.swift */,
				D05ADF4D2CCCB4EA00D819A5 /* TableViewPractice.swift */,
			);
			path = TableView;
			sourceTree = "<group>";
		};
		D05ADF5A2CCCC77900D819A5 /* CollectionView */ = {
			isa = PBXGroup;
			children = (
				D05ADF5D2CCCCF3900D819A5 /* Photo.swift */,
				D05ADF5B2CCCC84500D819A5 /* PhotoCell.swift */,
				D05ADF572CCCC55500D819A5 /* CollectionViewPractice.swift */,
			);
			path = CollectionView;
			sourceTree = "<group>";
		};
		D0BD44E82CBA5A5D00128E74 /* AppStore_Clone */ = {
			isa = PBXGroup;
			children = (
				D0581C052CD08AE400D0BA63 /* AppDetail */,
				D01362E12CD54A080027E1CB /* Finance */,
			);
			path = AppStore_Clone;
			sourceTree = "<group>";
		};
		D0BD44EB2CBA5A5D00128E74 /* Week1 */ = {
			isa = PBXGroup;
			children = (
				D0BD44E92CBA5A5D00128E74 /* DetailViewController.swift */,
				D0BD44EA2CBA5A5D00128E74 /* PracticeViewController.swift */,
			);
			path = Week1;
			sourceTree = "<group>";
		};
		D0BD44F02CBA5A5D00128E74 /* Week2 */ = {
			isa = PBXGroup;
			children = (
				D0BD44EE2CBA5A5D00128E74 /* PracticeViewController_Closure.swift */,
				D0BD44EC2CBA5A5D00128E74 /* NicknameViewController_Closure.swift */,
				D0BD44EF2CBA5A5D00128E74 /* PracticeViewController_Delegate.swift */,
				D0BD44ED2CBA5A5D00128E74 /* NicknameViewController_Delegate.swift */,
				D0BD45112CBA5C2200128E74 /* ScrollViewPracticeViewController.swift */,
				D0BD45202CCAC98A00128E74 /* MVC Practice */,
				D05ADF402CCB7B3C00D819A5 /* MVVM Practice */,
			);
			path = Week2;
			sourceTree = "<group>";
		};
		D0BD44F82CBA5A5D00128E74 /* 35th-SOPT-Seminar */ = {
			isa = PBXGroup;
			children = (
				D0BD45072CBA5AA500128E74 /* Application */,
				D0BD45052CBA5A6A00128E74 /* Global */,
				D0BD45062CBA5A8B00128E74 /* Seminar */,
				D0BD44E82CBA5A5D00128E74 /* AppStore_Clone */,
				D0BD44F72CBA5A5D00128E74 /* ViewController.swift */,
			);
			path = "35th-SOPT-Seminar";
			sourceTree = "<group>";
		};
		D0BD45052CBA5A6A00128E74 /* Global */ = {
			isa = PBXGroup;
			children = (
				D0BD450A2CBA5B1800128E74 /* Extensions */,
				D0BD45092CBA5B0700128E74 /* Resource */,
				D0BD45192CBBEF1400128E74 /* Supporting Files */,
			);
			path = Global;
			sourceTree = "<group>";
		};
		D0BD45062CBA5A8B00128E74 /* Seminar */ = {
			isa = PBXGroup;
			children = (
				D0BD44EB2CBA5A5D00128E74 /* Week1 */,
				D0BD44F02CBA5A5D00128E74 /* Week2 */,
				D05ADF4C2CCCB1DE00D819A5 /* Week3 */,
				D01362F62CD5F17E0027E1CB /* Week4 */,
			);
			path = Seminar;
			sourceTree = "<group>";
		};
		D0BD45072CBA5AA500128E74 /* Application */ = {
			isa = PBXGroup;
			children = (
				D0BD44F12CBA5A5D00128E74 /* AppDelegate.swift */,
				D0BD44F62CBA5A5D00128E74 /* SceneDelegate.swift */,
			);
			path = Application;
			sourceTree = "<group>";
		};
		D0BD45092CBA5B0700128E74 /* Resource */ = {
			isa = PBXGroup;
			children = (
				D0BD44F52CBA5A5D00128E74 /* LaunchScreen.storyboard */,
				D0BD44F22CBA5A5D00128E74 /* Assets.xcassets */,
			);
			path = Resource;
			sourceTree = "<group>";
		};
		D0BD450A2CBA5B1800128E74 /* Extensions */ = {
			isa = PBXGroup;
			children = (
				D01362EE2CD54F470027E1CB /* NSObject+.swift */,
				D0BD450F2CBA5BEF00128E74 /* UIView+.swift */,
				D05ADF552CCCB95600D819A5 /* UIStackView+.swift */,
				D0581C192CD1257100D0BA63 /* UILabel+.swift */,
				D04DE9962CD14E110017478B /* UIButton+.swift */,
			);
			path = Extensions;
			sourceTree = "<group>";
		};
		D0BD45192CBBEF1400128E74 /* Supporting Files */ = {
			isa = PBXGroup;
			children = (
				D0BD44F32CBA5A5D00128E74 /* Info.plist */,
			);
			path = "Supporting Files";
			sourceTree = "<group>";
		};
		D0BD45202CCAC98A00128E74 /* MVC Practice */ = {
			isa = PBXGroup;
			children = (
				D0BD45212CCAC9AB00128E74 /* Model */,
				D0BD45222CCAC9B100128E74 /* View */,
				D0BD45232CCAC9B500128E74 /* ViewController */,
			);
			path = "MVC Practice";
			sourceTree = "<group>";
		};
		D0BD45212CCAC9AB00128E74 /* Model */ = {
			isa = PBXGroup;
			children = (
				D0BD45262CCAD1D200128E74 /* PracticeModel.swift */,
			);
			path = Model;
			sourceTree = "<group>";
		};
		D0BD45222CCAC9B100128E74 /* View */ = {
			isa = PBXGroup;
			children = (
				D0BD45242CCAC9C500128E74 /* PracticeView.swift */,
			);
			path = View;
			sourceTree = "<group>";
		};
		D0BD45232CCAC9B500128E74 /* ViewController */ = {
			isa = PBXGroup;
			children = (
				D0BD45282CCAD40400128E74 /* PracticeViewController_MVC.swift */,
			);
			path = ViewController;
			sourceTree = "<group>";
		};
/* End PBXGroup section */

/* Begin PBXNativeTarget section */
		D004F8A02CB1029100D5A2CD /* 35th-SOPT-Seminar */ = {
			isa = PBXNativeTarget;
			buildConfigurationList = D004F8B42CB1029400D5A2CD /* Build configuration list for PBXNativeTarget "35th-SOPT-Seminar" */;
			buildPhases = (
				D004F89D2CB1029100D5A2CD /* Sources */,
				D004F89E2CB1029100D5A2CD /* Frameworks */,
				D004F89F2CB1029100D5A2CD /* Resources */,
			);
			buildRules = (
			);
			dependencies = (
			);
			name = "35th-SOPT-Seminar";
			packageProductDependencies = (
				D0BD45142CBA5D5600128E74 /* SnapKit */,
				D0BD45172CBA5DA900128E74 /* Then */,
				D01362F32CD5F0D90027E1CB /* Alamofire */,
			);
			productName = "35th-SOPT-Seminar";
			productReference = D004F8A12CB1029100D5A2CD /* 35th-SOPT-Seminar.app */;
			productType = "com.apple.product-type.application";
		};
/* End PBXNativeTarget section */

/* Begin PBXProject section */
		D004F8992CB1029100D5A2CD /* Project object */ = {
			isa = PBXProject;
			attributes = {
				BuildIndependentTargetsInParallel = 1;
				LastSwiftUpdateCheck = 1600;
				LastUpgradeCheck = 1600;
				TargetAttributes = {
					D004F8A02CB1029100D5A2CD = {
						CreatedOnToolsVersion = 16.0;
					};
				};
			};
			buildConfigurationList = D004F89C2CB1029100D5A2CD /* Build configuration list for PBXProject "35th-SOPT-Seminar" */;
			developmentRegion = en;
			hasScannedForEncodings = 0;
			knownRegions = (
				en,
				Base,
			);
			mainGroup = D004F8982CB1029100D5A2CD;
			minimizedProjectReferenceProxies = 1;
			packageReferences = (
				D0BD45132CBA5D5600128E74 /* XCRemoteSwiftPackageReference "SnapKit" */,
				D0BD45162CBA5DA900128E74 /* XCRemoteSwiftPackageReference "Then" */,
				D01362F22CD5F0D90027E1CB /* XCRemoteSwiftPackageReference "Alamofire" */,
			);
			preferredProjectObjectVersion = 77;
			productRefGroup = D004F8A22CB1029100D5A2CD /* Products */;
			projectDirPath = "";
			projectRoot = "";
			targets = (
				D004F8A02CB1029100D5A2CD /* 35th-SOPT-Seminar */,
			);
		};
/* End PBXProject section */

/* Begin PBXResourcesBuildPhase section */
		D004F89F2CB1029100D5A2CD /* Resources */ = {
			isa = PBXResourcesBuildPhase;
			buildActionMask = 2147483647;
			files = (
				D0BD44F92CBA5A5D00128E74 /* Assets.xcassets in Resources */,
				D0BD44FB2CBA5A5D00128E74 /* LaunchScreen.storyboard in Resources */,
			);
			runOnlyForDeploymentPostprocessing = 0;
		};
/* End PBXResourcesBuildPhase section */

/* Begin PBXSourcesBuildPhase section */
		D004F89D2CB1029100D5A2CD /* Sources */ = {
			isa = PBXSourcesBuildPhase;
			buildActionMask = 2147483647;
			files = (
				D05ADF542CCCB81A00D819A5 /* ChartCell.swift in Sources */,
				D0581C122CD0C47200D0BA63 /* NewIssueView.swift in Sources */,
				D05ADF5C2CCCC84500D819A5 /* PhotoCell.swift in Sources */,
				D0914B092CF9E7E800B3693B /* BannerModel.swift in Sources */,
				D0BD44FC2CBA5A5D00128E74 /* DetailViewController.swift in Sources */,
				D0914B072CF9E05F00B3693B /* BannerCell_SwiftUI.swift in Sources */,
				D013630E2CD604D60027E1CB /* LoginResponseDTO.swift in Sources */,
				D0BD44FD2CBA5A5D00128E74 /* PracticeViewController.swift in Sources */,
				D0BD44FE2CBA5A5D00128E74 /* NicknameViewController_Closure.swift in Sources */,
				D0BD45292CCAD41100128E74 /* PracticeViewController_MVC.swift in Sources */,
				D05ADF5E2CCCCF3E00D819A5 /* Photo.swift in Sources */,
				D0BD44FF2CBA5A5D00128E74 /* NicknameViewController_Delegate.swift in Sources */,
				D01362F92CD5F3B10027E1CB /* Environment.swift in Sources */,
				D01362E62CD54A5D0027E1CB /* FinanceViewController.swift in Sources */,
				D0BD45102CBA5BF200128E74 /* UIView+.swift in Sources */,
				D0BD45002CBA5A5D00128E74 /* PracticeViewController_Closure.swift in Sources */,
				D05ADF452CCB7B7600D819A5 /* PracticeModel_MVVM.swift in Sources */,
				D0581C0C2CD08B4300D0BA63 /* AppDetailViewController.swift in Sources */,
				D01362F12CD5554F0027E1CB /* CompositionalLayoutManager.swift in Sources */,
				D05ADF582CCCC56200D819A5 /* CollectionViewPractice.swift in Sources */,
				D0BD45012CBA5A5D00128E74 /* PracticeViewController_Delegate.swift in Sources */,
				D01363042CD5FEC10027E1CB /* LoginPracticeController.swift in Sources */,
				D01362DE2CD50C7E0027E1CB /* FirstPracticeCell.swift in Sources */,
				D01362FC2CD5F3D50027E1CB /* NetworkError.swift in Sources */,
				D01363022CD5F97B0027E1CB /* UserService.swift in Sources */,
				D0BD45252CCAC9CE00128E74 /* PracticeView.swift in Sources */,
				D0581C182CD0CB4500D0BA63 /* InfoView.swift in Sources */,
				D0BD45122CBA5C3700128E74 /* ScrollViewPracticeViewController.swift in Sources */,
				D05ADF522CCCB66500D819A5 /* DownloadState.swift in Sources */,
				D0581C162CD0C91100D0BA63 /* InfoDetailView.swift in Sources */,
				D04DE9932CD136D00017478B /* ReviewView.swift in Sources */,
				D0BD45022CBA5A5D00128E74 /* AppDelegate.swift in Sources */,
				D05ADF4E2CCCB51200D819A5 /* TableViewPractice.swift in Sources */,
				D05ADF502CCCB5BA00D819A5 /* App.swift in Sources */,
				D0BD45032CBA5A5D00128E74 /* SceneDelegate.swift in Sources */,
				D0581C102CD0C3FE00D0BA63 /* HeaderView.swift in Sources */,
				D05ADF4B2CCB83BB00D819A5 /* PracticeViewModel.swift in Sources */,
				D0581C1C2CD1263E00D0BA63 /* PreviewView.swift in Sources */,
				D01363092CD604770027E1CB /* LoginRequestDTO.swift in Sources */,
				D05ADF492CCB7F2000D819A5 /* PracticeViewController_MVVM.swift in Sources */,
				D01362FE2CD5F9290027E1CB /* RegisterRequest.swift in Sources */,
				D0581C0A2CD08B2200D0BA63 /* AppDetailView.swift in Sources */,
				D05ADF472CCB7D3C00D819A5 /* PracticeView_MVVM.swift in Sources */,
				D01362E82CD54A990027E1CB /* FinanceView.swift in Sources */,
				D01362DC2CD50C3E0027E1CB /* DiffableDataSourcePractice.swift in Sources */,
				D01362ED2CD54EF70027E1CB /* BannerCell.swift in Sources */,
				D01362EF2CD54F4E0027E1CB /* NSObject+.swift in Sources */,
				D04DE9972CD14E150017478B /* UIButton+.swift in Sources */,
				D0BD45272CCAD1D600128E74 /* PracticeModel.swift in Sources */,
				D0581C1A2CD1257600D0BA63 /* UILabel+.swift in Sources */,
				D01362E02CD50C890027E1CB /* SecondPracticeCell.swift in Sources */,
				D01363112CD6055F0027E1CB /* LoginService.swift in Sources */,
				D0BD45042CBA5A5D00128E74 /* ViewController.swift in Sources */,
				D05ADF562CCCB95C00D819A5 /* UIStackView+.swift in Sources */,
			);
			runOnlyForDeploymentPostprocessing = 0;
		};
/* End PBXSourcesBuildPhase section */

/* Begin PBXVariantGroup section */
		D0BD44F52CBA5A5D00128E74 /* LaunchScreen.storyboard */ = {
			isa = PBXVariantGroup;
			children = (
				D0BD44F42CBA5A5D00128E74 /* Base */,
			);
			name = LaunchScreen.storyboard;
			sourceTree = "<group>";
		};
/* End PBXVariantGroup section */

/* Begin XCBuildConfiguration section */
		D004F8B52CB1029400D5A2CD /* Debug */ = {
			isa = XCBuildConfiguration;
			buildSettings = {
				ASSETCATALOG_COMPILER_APPICON_NAME = AppIcon;
				ASSETCATALOG_COMPILER_GLOBAL_ACCENT_COLOR_NAME = AccentColor;
				CODE_SIGN_STYLE = Automatic;
				CURRENT_PROJECT_VERSION = 1;
				DEVELOPMENT_TEAM = X395BM5WW7;
				GENERATE_INFOPLIST_FILE = YES;
				INFOPLIST_FILE = "35th-SOPT-Seminar/Global/Supporting Files/Info.plist";
				INFOPLIST_KEY_UIApplicationSupportsIndirectInputEvents = YES;
				INFOPLIST_KEY_UILaunchStoryboardName = LaunchScreen;
				INFOPLIST_KEY_UISupportedInterfaceOrientations_iPad = "UIInterfaceOrientationPortrait UIInterfaceOrientationPortraitUpsideDown UIInterfaceOrientationLandscapeLeft UIInterfaceOrientationLandscapeRight";
				INFOPLIST_KEY_UISupportedInterfaceOrientations_iPhone = "UIInterfaceOrientationPortrait UIInterfaceOrientationLandscapeLeft UIInterfaceOrientationLandscapeRight";
				LD_RUNPATH_SEARCH_PATHS = (
					"$(inherited)",
					"@executable_path/Frameworks",
				);
				MARKETING_VERSION = 1.0;
				PRODUCT_BUNDLE_IDENTIFIER = "Hyerin.-5th-SOPT-Seminar";
				PRODUCT_NAME = "$(TARGET_NAME)";
				SWIFT_EMIT_LOC_STRINGS = YES;
				SWIFT_VERSION = 5.0;
				TARGETED_DEVICE_FAMILY = "1,2";
			};
			name = Debug;
		};
		D004F8B62CB1029400D5A2CD /* Release */ = {
			isa = XCBuildConfiguration;
			buildSettings = {
				ASSETCATALOG_COMPILER_APPICON_NAME = AppIcon;
				ASSETCATALOG_COMPILER_GLOBAL_ACCENT_COLOR_NAME = AccentColor;
				CODE_SIGN_STYLE = Automatic;
				CURRENT_PROJECT_VERSION = 1;
				DEVELOPMENT_TEAM = X395BM5WW7;
				GENERATE_INFOPLIST_FILE = YES;
				INFOPLIST_FILE = "35th-SOPT-Seminar/Global/Supporting Files/Info.plist";
				INFOPLIST_KEY_UIApplicationSupportsIndirectInputEvents = YES;
				INFOPLIST_KEY_UILaunchStoryboardName = LaunchScreen;
				INFOPLIST_KEY_UISupportedInterfaceOrientations_iPad = "UIInterfaceOrientationPortrait UIInterfaceOrientationPortraitUpsideDown UIInterfaceOrientationLandscapeLeft UIInterfaceOrientationLandscapeRight";
				INFOPLIST_KEY_UISupportedInterfaceOrientations_iPhone = "UIInterfaceOrientationPortrait UIInterfaceOrientationLandscapeLeft UIInterfaceOrientationLandscapeRight";
				LD_RUNPATH_SEARCH_PATHS = (
					"$(inherited)",
					"@executable_path/Frameworks",
				);
				MARKETING_VERSION = 1.0;
				PRODUCT_BUNDLE_IDENTIFIER = "Hyerin.-5th-SOPT-Seminar";
				PRODUCT_NAME = "$(TARGET_NAME)";
				SWIFT_EMIT_LOC_STRINGS = YES;
				SWIFT_VERSION = 5.0;
				TARGETED_DEVICE_FAMILY = "1,2";
			};
			name = Release;
		};
		D004F8B72CB1029400D5A2CD /* Debug */ = {
			isa = XCBuildConfiguration;
			baseConfigurationReference = D01362F72CD5F26B0027E1CB /* Config.xcconfig */;
			buildSettings = {
				ALWAYS_SEARCH_USER_PATHS = NO;
				ASSETCATALOG_COMPILER_GENERATE_SWIFT_ASSET_SYMBOL_EXTENSIONS = YES;
				CLANG_ANALYZER_NONNULL = YES;
				CLANG_ANALYZER_NUMBER_OBJECT_CONVERSION = YES_AGGRESSIVE;
				CLANG_CXX_LANGUAGE_STANDARD = "gnu++20";
				CLANG_ENABLE_MODULES = YES;
				CLANG_ENABLE_OBJC_ARC = YES;
				CLANG_ENABLE_OBJC_WEAK = YES;
				CLANG_WARN_BLOCK_CAPTURE_AUTORELEASING = YES;
				CLANG_WARN_BOOL_CONVERSION = YES;
				CLANG_WARN_COMMA = YES;
				CLANG_WARN_CONSTANT_CONVERSION = YES;
				CLANG_WARN_DEPRECATED_OBJC_IMPLEMENTATIONS = YES;
				CLANG_WARN_DIRECT_OBJC_ISA_USAGE = YES_ERROR;
				CLANG_WARN_DOCUMENTATION_COMMENTS = YES;
				CLANG_WARN_EMPTY_BODY = YES;
				CLANG_WARN_ENUM_CONVERSION = YES;
				CLANG_WARN_INFINITE_RECURSION = YES;
				CLANG_WARN_INT_CONVERSION = YES;
				CLANG_WARN_NON_LITERAL_NULL_CONVERSION = YES;
				CLANG_WARN_OBJC_IMPLICIT_RETAIN_SELF = YES;
				CLANG_WARN_OBJC_LITERAL_CONVERSION = YES;
				CLANG_WARN_OBJC_ROOT_CLASS = YES_ERROR;
				CLANG_WARN_QUOTED_INCLUDE_IN_FRAMEWORK_HEADER = YES;
				CLANG_WARN_RANGE_LOOP_ANALYSIS = YES;
				CLANG_WARN_STRICT_PROTOTYPES = YES;
				CLANG_WARN_SUSPICIOUS_MOVE = YES;
				CLANG_WARN_UNGUARDED_AVAILABILITY = YES_AGGRESSIVE;
				CLANG_WARN_UNREACHABLE_CODE = YES;
				CLANG_WARN__DUPLICATE_METHOD_MATCH = YES;
				COPY_PHASE_STRIP = NO;
				DEBUG_INFORMATION_FORMAT = dwarf;
				ENABLE_STRICT_OBJC_MSGSEND = YES;
				ENABLE_TESTABILITY = YES;
				ENABLE_USER_SCRIPT_SANDBOXING = YES;
				GCC_C_LANGUAGE_STANDARD = gnu17;
				GCC_DYNAMIC_NO_PIC = NO;
				GCC_NO_COMMON_BLOCKS = YES;
				GCC_OPTIMIZATION_LEVEL = 0;
				GCC_PREPROCESSOR_DEFINITIONS = (
					"DEBUG=1",
					"$(inherited)",
				);
				GCC_WARN_64_TO_32_BIT_CONVERSION = YES;
				GCC_WARN_ABOUT_RETURN_TYPE = YES_ERROR;
				GCC_WARN_UNDECLARED_SELECTOR = YES;
				GCC_WARN_UNINITIALIZED_AUTOS = YES_AGGRESSIVE;
				GCC_WARN_UNUSED_FUNCTION = YES;
				GCC_WARN_UNUSED_VARIABLE = YES;
				IPHONEOS_DEPLOYMENT_TARGET = 18.0;
				LOCALIZATION_PREFERS_STRING_CATALOGS = YES;
				MTL_ENABLE_DEBUG_INFO = INCLUDE_SOURCE;
				MTL_FAST_MATH = YES;
				ONLY_ACTIVE_ARCH = YES;
				SDKROOT = iphoneos;
				SWIFT_ACTIVE_COMPILATION_CONDITIONS = "DEBUG $(inherited)";
				SWIFT_OPTIMIZATION_LEVEL = "-Onone";
			};
			name = Debug;
		};
		D004F8B82CB1029400D5A2CD /* Release */ = {
			isa = XCBuildConfiguration;
			baseConfigurationReference = D01362F72CD5F26B0027E1CB /* Config.xcconfig */;
			buildSettings = {
				ALWAYS_SEARCH_USER_PATHS = NO;
				ASSETCATALOG_COMPILER_GENERATE_SWIFT_ASSET_SYMBOL_EXTENSIONS = YES;
				CLANG_ANALYZER_NONNULL = YES;
				CLANG_ANALYZER_NUMBER_OBJECT_CONVERSION = YES_AGGRESSIVE;
				CLANG_CXX_LANGUAGE_STANDARD = "gnu++20";
				CLANG_ENABLE_MODULES = YES;
				CLANG_ENABLE_OBJC_ARC = YES;
				CLANG_ENABLE_OBJC_WEAK = YES;
				CLANG_WARN_BLOCK_CAPTURE_AUTORELEASING = YES;
				CLANG_WARN_BOOL_CONVERSION = YES;
				CLANG_WARN_COMMA = YES;
				CLANG_WARN_CONSTANT_CONVERSION = YES;
				CLANG_WARN_DEPRECATED_OBJC_IMPLEMENTATIONS = YES;
				CLANG_WARN_DIRECT_OBJC_ISA_USAGE = YES_ERROR;
				CLANG_WARN_DOCUMENTATION_COMMENTS = YES;
				CLANG_WARN_EMPTY_BODY = YES;
				CLANG_WARN_ENUM_CONVERSION = YES;
				CLANG_WARN_INFINITE_RECURSION = YES;
				CLANG_WARN_INT_CONVERSION = YES;
				CLANG_WARN_NON_LITERAL_NULL_CONVERSION = YES;
				CLANG_WARN_OBJC_IMPLICIT_RETAIN_SELF = YES;
				CLANG_WARN_OBJC_LITERAL_CONVERSION = YES;
				CLANG_WARN_OBJC_ROOT_CLASS = YES_ERROR;
				CLANG_WARN_QUOTED_INCLUDE_IN_FRAMEWORK_HEADER = YES;
				CLANG_WARN_RANGE_LOOP_ANALYSIS = YES;
				CLANG_WARN_STRICT_PROTOTYPES = YES;
				CLANG_WARN_SUSPICIOUS_MOVE = YES;
				CLANG_WARN_UNGUARDED_AVAILABILITY = YES_AGGRESSIVE;
				CLANG_WARN_UNREACHABLE_CODE = YES;
				CLANG_WARN__DUPLICATE_METHOD_MATCH = YES;
				COPY_PHASE_STRIP = NO;
				DEBUG_INFORMATION_FORMAT = "dwarf-with-dsym";
				ENABLE_NS_ASSERTIONS = NO;
				ENABLE_STRICT_OBJC_MSGSEND = YES;
				ENABLE_USER_SCRIPT_SANDBOXING = YES;
				GCC_C_LANGUAGE_STANDARD = gnu17;
				GCC_NO_COMMON_BLOCKS = YES;
				GCC_WARN_64_TO_32_BIT_CONVERSION = YES;
				GCC_WARN_ABOUT_RETURN_TYPE = YES_ERROR;
				GCC_WARN_UNDECLARED_SELECTOR = YES;
				GCC_WARN_UNINITIALIZED_AUTOS = YES_AGGRESSIVE;
				GCC_WARN_UNUSED_FUNCTION = YES;
				GCC_WARN_UNUSED_VARIABLE = YES;
				IPHONEOS_DEPLOYMENT_TARGET = 18.0;
				LOCALIZATION_PREFERS_STRING_CATALOGS = YES;
				MTL_ENABLE_DEBUG_INFO = NO;
				MTL_FAST_MATH = YES;
				SDKROOT = iphoneos;
				SWIFT_COMPILATION_MODE = wholemodule;
				VALIDATE_PRODUCT = YES;
			};
			name = Release;
		};
/* End XCBuildConfiguration section */

/* Begin XCConfigurationList section */
		D004F89C2CB1029100D5A2CD /* Build configuration list for PBXProject "35th-SOPT-Seminar" */ = {
			isa = XCConfigurationList;
			buildConfigurations = (
				D004F8B72CB1029400D5A2CD /* Debug */,
				D004F8B82CB1029400D5A2CD /* Release */,
			);
			defaultConfigurationIsVisible = 0;
			defaultConfigurationName = Release;
		};
		D004F8B42CB1029400D5A2CD /* Build configuration list for PBXNativeTarget "35th-SOPT-Seminar" */ = {
			isa = XCConfigurationList;
			buildConfigurations = (
				D004F8B52CB1029400D5A2CD /* Debug */,
				D004F8B62CB1029400D5A2CD /* Release */,
			);
			defaultConfigurationIsVisible = 0;
			defaultConfigurationName = Release;
		};
/* End XCConfigurationList section */

/* Begin XCRemoteSwiftPackageReference section */
		D01362F22CD5F0D90027E1CB /* XCRemoteSwiftPackageReference "Alamofire" */ = {
			isa = XCRemoteSwiftPackageReference;
			repositoryURL = "https://github.com/Alamofire/Alamofire";
			requirement = {
				kind = upToNextMajorVersion;
				minimumVersion = 5.10.1;
			};
		};
		D0BD45132CBA5D5600128E74 /* XCRemoteSwiftPackageReference "SnapKit" */ = {
			isa = XCRemoteSwiftPackageReference;
			repositoryURL = "https://github.com/SnapKit/SnapKit.git";
			requirement = {
				kind = upToNextMajorVersion;
				minimumVersion = 5.7.1;
			};
		};
		D0BD45162CBA5DA900128E74 /* XCRemoteSwiftPackageReference "Then" */ = {
			isa = XCRemoteSwiftPackageReference;
			repositoryURL = "https://github.com/devxoul/Then";
			requirement = {
				kind = upToNextMajorVersion;
				minimumVersion = 3.0.0;
			};
		};
/* End XCRemoteSwiftPackageReference section */

/* Begin XCSwiftPackageProductDependency section */
		D01362F32CD5F0D90027E1CB /* Alamofire */ = {
			isa = XCSwiftPackageProductDependency;
			package = D01362F22CD5F0D90027E1CB /* XCRemoteSwiftPackageReference "Alamofire" */;
			productName = Alamofire;
		};
		D0BD45142CBA5D5600128E74 /* SnapKit */ = {
			isa = XCSwiftPackageProductDependency;
			package = D0BD45132CBA5D5600128E74 /* XCRemoteSwiftPackageReference "SnapKit" */;
			productName = SnapKit;
		};
		D0BD45172CBA5DA900128E74 /* Then */ = {
			isa = XCSwiftPackageProductDependency;
			package = D0BD45162CBA5DA900128E74 /* XCRemoteSwiftPackageReference "Then" */;
			productName = Then;
		};
/* End XCSwiftPackageProductDependency section */
	};
	rootObject = D004F8992CB1029100D5A2CD /* Project object */;
}
