// !$*UTF8*$!
{
	archiveVersion = 1;
	classes = {
	};
	objectVersion = 77;
	objects = {

/* Begin PBXBuildFile section */
		D0BD44F92CBA5A5D00128E74 /* Assets.xcassets in Resources */ = {isa = PBXBuildFile; fileRef = D0BD44F22CBA5A5D00128E74 /* Assets.xcassets */; };
		D0BD44FB2CBA5A5D00128E74 /* LaunchScreen.storyboard in Resources */ = {isa = PBXBuildFile; fileRef = D0BD44F52CBA5A5D00128E74 /* LaunchScreen.storyboard */; };
		D0BD44FC2CBA5A5D00128E74 /* DetailViewController.swift in Sources */ = {isa = PBXBuildFile; fileRef = D0BD44E92CBA5A5D00128E74 /* DetailViewController.swift */; };
		D0BD44FD2CBA5A5D00128E74 /* PracticeViewController.swift in Sources */ = {isa = PBXBuildFile; fileRef = D0BD44EA2CBA5A5D00128E74 /* PracticeViewController.swift */; };
		D0BD44FE2CBA5A5D00128E74 /* NicknameViewController_Closure.swift in Sources */ = {isa = PBXBuildFile; fileRef = D0BD44EC2CBA5A5D00128E74 /* NicknameViewController_Closure.swift */; };
		D0BD44FF2CBA5A5D00128E74 /* NicknameViewController_Delegate.swift in Sources */ = {isa = PBXBuildFile; fileRef = D0BD44ED2CBA5A5D00128E74 /* NicknameViewController_Delegate.swift */; };
		D0BD45002CBA5A5D00128E74 /* PracticeViewController_Closure.swift in Sources */ = {isa = PBXBuildFile; fileRef = D0BD44EE2CBA5A5D00128E74 /* PracticeViewController_Closure.swift */; };
		D0BD45012CBA5A5D00128E74 /* PracticeViewController_Delegate.swift in Sources */ = {isa = PBXBuildFile; fileRef = D0BD44EF2CBA5A5D00128E74 /* PracticeViewController_Delegate.swift */; };
		D0BD45022CBA5A5D00128E74 /* AppDelegate.swift in Sources */ = {isa = PBXBuildFile; fileRef = D0BD44F12CBA5A5D00128E74 /* AppDelegate.swift */; };
		D0BD45032CBA5A5D00128E74 /* SceneDelegate.swift in Sources */ = {isa = PBXBuildFile; fileRef = D0BD44F62CBA5A5D00128E74 /* SceneDelegate.swift */; };
		D0BD45042CBA5A5D00128E74 /* ViewController.swift in Sources */ = {isa = PBXBuildFile; fileRef = D0BD44F72CBA5A5D00128E74 /* ViewController.swift */; };
		D0BD45102CBA5BF200128E74 /* UIView+.swift in Sources */ = {isa = PBXBuildFile; fileRef = D0BD450F2CBA5BEF00128E74 /* UIView+.swift */; };
/* End PBXBuildFile section */

/* Begin PBXFileReference section */
		D004F8A12CB1029100D5A2CD /* 35th-SOPT-Seminar.app */ = {isa = PBXFileReference; explicitFileType = wrapper.application; includeInIndex = 0; path = "35th-SOPT-Seminar.app"; sourceTree = BUILT_PRODUCTS_DIR; };
		D0BD44E92CBA5A5D00128E74 /* DetailViewController.swift */ = {isa = PBXFileReference; lastKnownFileType = sourcecode.swift; path = DetailViewController.swift; sourceTree = "<group>"; };
		D0BD44EA2CBA5A5D00128E74 /* PracticeViewController.swift */ = {isa = PBXFileReference; lastKnownFileType = sourcecode.swift; path = PracticeViewController.swift; sourceTree = "<group>"; };
		D0BD44EC2CBA5A5D00128E74 /* NicknameViewController_Closure.swift */ = {isa = PBXFileReference; lastKnownFileType = sourcecode.swift; path = NicknameViewController_Closure.swift; sourceTree = "<group>"; };
		D0BD44ED2CBA5A5D00128E74 /* NicknameViewController_Delegate.swift */ = {isa = PBXFileReference; lastKnownFileType = sourcecode.swift; path = NicknameViewController_Delegate.swift; sourceTree = "<group>"; };
		D0BD44EE2CBA5A5D00128E74 /* PracticeViewController_Closure.swift */ = {isa = PBXFileReference; lastKnownFileType = sourcecode.swift; path = PracticeViewController_Closure.swift; sourceTree = "<group>"; };
		D0BD44EF2CBA5A5D00128E74 /* PracticeViewController_Delegate.swift */ = {isa = PBXFileReference; lastKnownFileType = sourcecode.swift; path = PracticeViewController_Delegate.swift; sourceTree = "<group>"; };
		D0BD44F12CBA5A5D00128E74 /* AppDelegate.swift */ = {isa = PBXFileReference; lastKnownFileType = sourcecode.swift; path = AppDelegate.swift; sourceTree = "<group>"; };
		D0BD44F22CBA5A5D00128E74 /* Assets.xcassets */ = {isa = PBXFileReference; lastKnownFileType = folder.assetcatalog; path = Assets.xcassets; sourceTree = "<group>"; };
		D0BD44F32CBA5A5D00128E74 /* Info.plist */ = {isa = PBXFileReference; lastKnownFileType = text.plist.xml; path = Info.plist; sourceTree = "<group>"; };
		D0BD44F42CBA5A5D00128E74 /* Base */ = {isa = PBXFileReference; lastKnownFileType = file.storyboard; name = Base; path = Base.lproj/LaunchScreen.storyboard; sourceTree = "<group>"; };
		D0BD44F62CBA5A5D00128E74 /* SceneDelegate.swift */ = {isa = PBXFileReference; lastKnownFileType = sourcecode.swift; path = SceneDelegate.swift; sourceTree = "<group>"; };
		D0BD44F72CBA5A5D00128E74 /* ViewController.swift */ = {isa = PBXFileReference; lastKnownFileType = sourcecode.swift; path = ViewController.swift; sourceTree = "<group>"; };
		D0BD450F2CBA5BEF00128E74 /* UIView+.swift */ = {isa = PBXFileReference; lastKnownFileType = sourcecode.swift; path = "UIView+.swift"; sourceTree = "<group>"; };
/* End PBXFileReference section */

/* Begin PBXFrameworksBuildPhase section */
		D004F89E2CB1029100D5A2CD /* Frameworks */ = {
			isa = PBXFrameworksBuildPhase;
			buildActionMask = 2147483647;
			files = (
			);
			runOnlyForDeploymentPostprocessing = 0;
		};
/* End PBXFrameworksBuildPhase section */

/* Begin PBXGroup section */
		D004F8982CB1029100D5A2CD = {
			isa = PBXGroup;
			children = (
				D0BD44F82CBA5A5D00128E74 /* 35th-SOPT-Seminar */,
				D004F8A22CB1029100D5A2CD /* Products */,
			);
			sourceTree = "<group>";
		};
		D004F8A22CB1029100D5A2CD /* Products */ = {
			isa = PBXGroup;
			children = (
				D004F8A12CB1029100D5A2CD /* 35th-SOPT-Seminar.app */,
			);
			name = Products;
			sourceTree = "<group>";
		};
		D0BD44E82CBA5A5D00128E74 /* AppStore_Clone */ = {
			isa = PBXGroup;
			children = (
			);
			path = AppStore_Clone;
			sourceTree = "<group>";
		};
		D0BD44EB2CBA5A5D00128E74 /* Week1 */ = {
			isa = PBXGroup;
			children = (
				D0BD44E92CBA5A5D00128E74 /* DetailViewController.swift */,
				D0BD44EA2CBA5A5D00128E74 /* PracticeViewController.swift */,
			);
			path = Week1;
			sourceTree = "<group>";
		};
		D0BD44F02CBA5A5D00128E74 /* Week2 */ = {
			isa = PBXGroup;
			children = (
				D0BD44EE2CBA5A5D00128E74 /* PracticeViewController_Closure.swift */,
				D0BD44EC2CBA5A5D00128E74 /* NicknameViewController_Closure.swift */,
				D0BD44EF2CBA5A5D00128E74 /* PracticeViewController_Delegate.swift */,
				D0BD44ED2CBA5A5D00128E74 /* NicknameViewController_Delegate.swift */,
			);
			path = Week2;
			sourceTree = "<group>";
		};
		D0BD44F82CBA5A5D00128E74 /* 35th-SOPT-Seminar */ = {
			isa = PBXGroup;
			children = (
				D0BD45072CBA5AA500128E74 /* Application */,
				D0BD45052CBA5A6A00128E74 /* Global */,
				D0BD45062CBA5A8B00128E74 /* Seminar */,
				D0BD44E82CBA5A5D00128E74 /* AppStore_Clone */,
				D0BD44F32CBA5A5D00128E74 /* Info.plist */,
				D0BD44F72CBA5A5D00128E74 /* ViewController.swift */,
			);
			path = "35th-SOPT-Seminar";
			sourceTree = "<group>";
		};
		D0BD45052CBA5A6A00128E74 /* Global */ = {
			isa = PBXGroup;
			children = (
				D0BD450A2CBA5B1800128E74 /* Extensions */,
				D0BD45092CBA5B0700128E74 /* Resource */,
			);
			path = Global;
			sourceTree = "<group>";
		};
		D0BD45062CBA5A8B00128E74 /* Seminar */ = {
			isa = PBXGroup;
			children = (
				D0BD44EB2CBA5A5D00128E74 /* Week1 */,
				D0BD44F02CBA5A5D00128E74 /* Week2 */,
			);
			path = Seminar;
			sourceTree = "<group>";
		};
		D0BD45072CBA5AA500128E74 /* Application */ = {
			isa = PBXGroup;
			children = (
				D0BD44F12CBA5A5D00128E74 /* AppDelegate.swift */,
				D0BD44F62CBA5A5D00128E74 /* SceneDelegate.swift */,
			);
			path = Application;
			sourceTree = "<group>";
		};
		D0BD45092CBA5B0700128E74 /* Resource */ = {
			isa = PBXGroup;
			children = (
				D0BD44F52CBA5A5D00128E74 /* LaunchScreen.storyboard */,
				D0BD44F22CBA5A5D00128E74 /* Assets.xcassets */,
			);
			path = Resource;
			sourceTree = "<group>";
		};
		D0BD450A2CBA5B1800128E74 /* Extensions */ = {
			isa = PBXGroup;
			children = (
				D0BD450F2CBA5BEF00128E74 /* UIView+.swift */,
			);
			path = Extensions;
			sourceTree = "<group>";
		};
/* End PBXGroup section */

/* Begin PBXNativeTarget section */
		D004F8A02CB1029100D5A2CD /* 35th-SOPT-Seminar */ = {
			isa = PBXNativeTarget;
			buildConfigurationList = D004F8B42CB1029400D5A2CD /* Build configuration list for PBXNativeTarget "35th-SOPT-Seminar" */;
			buildPhases = (
				D004F89D2CB1029100D5A2CD /* Sources */,
				D004F89E2CB1029100D5A2CD /* Frameworks */,
				D004F89F2CB1029100D5A2CD /* Resources */,
			);
			buildRules = (
			);
			dependencies = (
			);
			name = "35th-SOPT-Seminar";
			packageProductDependencies = (
			);
			productName = "35th-SOPT-Seminar";
			productReference = D004F8A12CB1029100D5A2CD /* 35th-SOPT-Seminar.app */;
			productType = "com.apple.product-type.application";
		};
/* End PBXNativeTarget section */

/* Begin PBXProject section */
		D004F8992CB1029100D5A2CD /* Project object */ = {
			isa = PBXProject;
			attributes = {
				BuildIndependentTargetsInParallel = 1;
				LastSwiftUpdateCheck = 1600;
				LastUpgradeCheck = 1600;
				TargetAttributes = {
					D004F8A02CB1029100D5A2CD = {
						CreatedOnToolsVersion = 16.0;
					};
				};
			};
			buildConfigurationList = D004F89C2CB1029100D5A2CD /* Build configuration list for PBXProject "35th-SOPT-Seminar" */;
			developmentRegion = en;
			hasScannedForEncodings = 0;
			knownRegions = (
				en,
				Base,
			);
			mainGroup = D004F8982CB1029100D5A2CD;
			minimizedProjectReferenceProxies = 1;
			preferredProjectObjectVersion = 77;
			productRefGroup = D004F8A22CB1029100D5A2CD /* Products */;
			projectDirPath = "";
			projectRoot = "";
			targets = (
				D004F8A02CB1029100D5A2CD /* 35th-SOPT-Seminar */,
			);
		};
/* End PBXProject section */

/* Begin PBXResourcesBuildPhase section */
		D004F89F2CB1029100D5A2CD /* Resources */ = {
			isa = PBXResourcesBuildPhase;
			buildActionMask = 2147483647;
			files = (
				D0BD44F92CBA5A5D00128E74 /* Assets.xcassets in Resources */,
				D0BD44FB2CBA5A5D00128E74 /* LaunchScreen.storyboard in Resources */,
			);
			runOnlyForDeploymentPostprocessing = 0;
		};
/* End PBXResourcesBuildPhase section */

/* Begin PBXSourcesBuildPhase section */
		D004F89D2CB1029100D5A2CD /* Sources */ = {
			isa = PBXSourcesBuildPhase;
			buildActionMask = 2147483647;
			files = (
				D0BD44FC2CBA5A5D00128E74 /* DetailViewController.swift in Sources */,
				D0BD44FD2CBA5A5D00128E74 /* PracticeViewController.swift in Sources */,
				D0BD44FE2CBA5A5D00128E74 /* NicknameViewController_Closure.swift in Sources */,
				D0BD44FF2CBA5A5D00128E74 /* NicknameViewController_Delegate.swift in Sources */,
				D0BD45102CBA5BF200128E74 /* UIView+.swift in Sources */,
				D0BD45002CBA5A5D00128E74 /* PracticeViewController_Closure.swift in Sources */,
				D0BD45012CBA5A5D00128E74 /* PracticeViewController_Delegate.swift in Sources */,
				D0BD45022CBA5A5D00128E74 /* AppDelegate.swift in Sources */,
				D0BD45032CBA5A5D00128E74 /* SceneDelegate.swift in Sources */,
				D0BD45042CBA5A5D00128E74 /* ViewController.swift in Sources */,
			);
			runOnlyForDeploymentPostprocessing = 0;
		};
/* End PBXSourcesBuildPhase section */

/* Begin PBXVariantGroup section */
		D0BD44F52CBA5A5D00128E74 /* LaunchScreen.storyboard */ = {
			isa = PBXVariantGroup;
			children = (
				D0BD44F42CBA5A5D00128E74 /* Base */,
			);
			name = LaunchScreen.storyboard;
			sourceTree = "<group>";
		};
/* End PBXVariantGroup section */

/* Begin XCBuildConfiguration section */
		D004F8B52CB1029400D5A2CD /* Debug */ = {
			isa = XCBuildConfiguration;
			buildSettings = {
				ASSETCATALOG_COMPILER_APPICON_NAME = AppIcon;
				ASSETCATALOG_COMPILER_GLOBAL_ACCENT_COLOR_NAME = AccentColor;
				CODE_SIGN_STYLE = Automatic;
				CURRENT_PROJECT_VERSION = 1;
				DEVELOPMENT_TEAM = X395BM5WW7;
				GENERATE_INFOPLIST_FILE = YES;
				INFOPLIST_FILE = "35th-SOPT-Seminar/Info.plist";
				INFOPLIST_KEY_UIApplicationSupportsIndirectInputEvents = YES;
				INFOPLIST_KEY_UILaunchStoryboardName = LaunchScreen;
				INFOPLIST_KEY_UISupportedInterfaceOrientations_iPad = "UIInterfaceOrientationPortrait UIInterfaceOrientationPortraitUpsideDown UIInterfaceOrientationLandscapeLeft UIInterfaceOrientationLandscapeRight";
				INFOPLIST_KEY_UISupportedInterfaceOrientations_iPhone = "UIInterfaceOrientationPortrait UIInterfaceOrientationLandscapeLeft UIInterfaceOrientationLandscapeRight";
				LD_RUNPATH_SEARCH_PATHS = (
					"$(inherited)",
					"@executable_path/Frameworks",
				);
				MARKETING_VERSION = 1.0;
				PRODUCT_BUNDLE_IDENTIFIER = "Hyerin.-5th-SOPT-Seminar";
				PRODUCT_NAME = "$(TARGET_NAME)";
				SWIFT_EMIT_LOC_STRINGS = YES;
				SWIFT_VERSION = 5.0;
				TARGETED_DEVICE_FAMILY = "1,2";
			};
			name = Debug;
		};
		D004F8B62CB1029400D5A2CD /* Release */ = {
			isa = XCBuildConfiguration;
			buildSettings = {
				ASSETCATALOG_COMPILER_APPICON_NAME = AppIcon;
				ASSETCATALOG_COMPILER_GLOBAL_ACCENT_COLOR_NAME = AccentColor;
				CODE_SIGN_STYLE = Automatic;
				CURRENT_PROJECT_VERSION = 1;
				DEVELOPMENT_TEAM = X395BM5WW7;
				GENERATE_INFOPLIST_FILE = YES;
				INFOPLIST_FILE = "35th-SOPT-Seminar/Info.plist";
				INFOPLIST_KEY_UIApplicationSupportsIndirectInputEvents = YES;
				INFOPLIST_KEY_UILaunchStoryboardName = LaunchScreen;
				INFOPLIST_KEY_UISupportedInterfaceOrientations_iPad = "UIInterfaceOrientationPortrait UIInterfaceOrientationPortraitUpsideDown UIInterfaceOrientationLandscapeLeft UIInterfaceOrientationLandscapeRight";
				INFOPLIST_KEY_UISupportedInterfaceOrientations_iPhone = "UIInterfaceOrientationPortrait UIInterfaceOrientationLandscapeLeft UIInterfaceOrientationLandscapeRight";
				LD_RUNPATH_SEARCH_PATHS = (
					"$(inherited)",
					"@executable_path/Frameworks",
				);
				MARKETING_VERSION = 1.0;
				PRODUCT_BUNDLE_IDENTIFIER = "Hyerin.-5th-SOPT-Seminar";
				PRODUCT_NAME = "$(TARGET_NAME)";
				SWIFT_EMIT_LOC_STRINGS = YES;
				SWIFT_VERSION = 5.0;
				TARGETED_DEVICE_FAMILY = "1,2";
			};
			name = Release;
		};
		D004F8B72CB1029400D5A2CD /* Debug */ = {
			isa = XCBuildConfiguration;
			buildSettings = {
				ALWAYS_SEARCH_USER_PATHS = NO;
				ASSETCATALOG_COMPILER_GENERATE_SWIFT_ASSET_SYMBOL_EXTENSIONS = YES;
				CLANG_ANALYZER_NONNULL = YES;
				CLANG_ANALYZER_NUMBER_OBJECT_CONVERSION = YES_AGGRESSIVE;
				CLANG_CXX_LANGUAGE_STANDARD = "gnu++20";
				CLANG_ENABLE_MODULES = YES;
				CLANG_ENABLE_OBJC_ARC = YES;
				CLANG_ENABLE_OBJC_WEAK = YES;
				CLANG_WARN_BLOCK_CAPTURE_AUTORELEASING = YES;
				CLANG_WARN_BOOL_CONVERSION = YES;
				CLANG_WARN_COMMA = YES;
				CLANG_WARN_CONSTANT_CONVERSION = YES;
				CLANG_WARN_DEPRECATED_OBJC_IMPLEMENTATIONS = YES;
				CLANG_WARN_DIRECT_OBJC_ISA_USAGE = YES_ERROR;
				CLANG_WARN_DOCUMENTATION_COMMENTS = YES;
				CLANG_WARN_EMPTY_BODY = YES;
				CLANG_WARN_ENUM_CONVERSION = YES;
				CLANG_WARN_INFINITE_RECURSION = YES;
				CLANG_WARN_INT_CONVERSION = YES;
				CLANG_WARN_NON_LITERAL_NULL_CONVERSION = YES;
				CLANG_WARN_OBJC_IMPLICIT_RETAIN_SELF = YES;
				CLANG_WARN_OBJC_LITERAL_CONVERSION = YES;
				CLANG_WARN_OBJC_ROOT_CLASS = YES_ERROR;
				CLANG_WARN_QUOTED_INCLUDE_IN_FRAMEWORK_HEADER = YES;
				CLANG_WARN_RANGE_LOOP_ANALYSIS = YES;
				CLANG_WARN_STRICT_PROTOTYPES = YES;
				CLANG_WARN_SUSPICIOUS_MOVE = YES;
				CLANG_WARN_UNGUARDED_AVAILABILITY = YES_AGGRESSIVE;
				CLANG_WARN_UNREACHABLE_CODE = YES;
				CLANG_WARN__DUPLICATE_METHOD_MATCH = YES;
				COPY_PHASE_STRIP = NO;
				DEBUG_INFORMATION_FORMAT = dwarf;
				ENABLE_STRICT_OBJC_MSGSEND = YES;
				ENABLE_TESTABILITY = YES;
				ENABLE_USER_SCRIPT_SANDBOXING = YES;
				GCC_C_LANGUAGE_STANDARD = gnu17;
				GCC_DYNAMIC_NO_PIC = NO;
				GCC_NO_COMMON_BLOCKS = YES;
				GCC_OPTIMIZATION_LEVEL = 0;
				GCC_PREPROCESSOR_DEFINITIONS = (
					"DEBUG=1",
					"$(inherited)",
				);
				GCC_WARN_64_TO_32_BIT_CONVERSION = YES;
				GCC_WARN_ABOUT_RETURN_TYPE = YES_ERROR;
				GCC_WARN_UNDECLARED_SELECTOR = YES;
				GCC_WARN_UNINITIALIZED_AUTOS = YES_AGGRESSIVE;
				GCC_WARN_UNUSED_FUNCTION = YES;
				GCC_WARN_UNUSED_VARIABLE = YES;
				IPHONEOS_DEPLOYMENT_TARGET = 18.0;
				LOCALIZATION_PREFERS_STRING_CATALOGS = YES;
				MTL_ENABLE_DEBUG_INFO = INCLUDE_SOURCE;
				MTL_FAST_MATH = YES;
				ONLY_ACTIVE_ARCH = YES;
				SDKROOT = iphoneos;
				SWIFT_ACTIVE_COMPILATION_CONDITIONS = "DEBUG $(inherited)";
				SWIFT_OPTIMIZATION_LEVEL = "-Onone";
			};
			name = Debug;
		};
		D004F8B82CB1029400D5A2CD /* Release */ = {
			isa = XCBuildConfiguration;
			buildSettings = {
				ALWAYS_SEARCH_USER_PATHS = NO;
				ASSETCATALOG_COMPILER_GENERATE_SWIFT_ASSET_SYMBOL_EXTENSIONS = YES;
				CLANG_ANALYZER_NONNULL = YES;
				CLANG_ANALYZER_NUMBER_OBJECT_CONVERSION = YES_AGGRESSIVE;
				CLANG_CXX_LANGUAGE_STANDARD = "gnu++20";
				CLANG_ENABLE_MODULES = YES;
				CLANG_ENABLE_OBJC_ARC = YES;
				CLANG_ENABLE_OBJC_WEAK = YES;
				CLANG_WARN_BLOCK_CAPTURE_AUTORELEASING = YES;
				CLANG_WARN_BOOL_CONVERSION = YES;
				CLANG_WARN_COMMA = YES;
				CLANG_WARN_CONSTANT_CONVERSION = YES;
				CLANG_WARN_DEPRECATED_OBJC_IMPLEMENTATIONS = YES;
				CLANG_WARN_DIRECT_OBJC_ISA_USAGE = YES_ERROR;
				CLANG_WARN_DOCUMENTATION_COMMENTS = YES;
				CLANG_WARN_EMPTY_BODY = YES;
				CLANG_WARN_ENUM_CONVERSION = YES;
				CLANG_WARN_INFINITE_RECURSION = YES;
				CLANG_WARN_INT_CONVERSION = YES;
				CLANG_WARN_NON_LITERAL_NULL_CONVERSION = YES;
				CLANG_WARN_OBJC_IMPLICIT_RETAIN_SELF = YES;
				CLANG_WARN_OBJC_LITERAL_CONVERSION = YES;
				CLANG_WARN_OBJC_ROOT_CLASS = YES_ERROR;
				CLANG_WARN_QUOTED_INCLUDE_IN_FRAMEWORK_HEADER = YES;
				CLANG_WARN_RANGE_LOOP_ANALYSIS = YES;
				CLANG_WARN_STRICT_PROTOTYPES = YES;
				CLANG_WARN_SUSPICIOUS_MOVE = YES;
				CLANG_WARN_UNGUARDED_AVAILABILITY = YES_AGGRESSIVE;
				CLANG_WARN_UNREACHABLE_CODE = YES;
				CLANG_WARN__DUPLICATE_METHOD_MATCH = YES;
				COPY_PHASE_STRIP = NO;
				DEBUG_INFORMATION_FORMAT = "dwarf-with-dsym";
				ENABLE_NS_ASSERTIONS = NO;
				ENABLE_STRICT_OBJC_MSGSEND = YES;
				ENABLE_USER_SCRIPT_SANDBOXING = YES;
				GCC_C_LANGUAGE_STANDARD = gnu17;
				GCC_NO_COMMON_BLOCKS = YES;
				GCC_WARN_64_TO_32_BIT_CONVERSION = YES;
				GCC_WARN_ABOUT_RETURN_TYPE = YES_ERROR;
				GCC_WARN_UNDECLARED_SELECTOR = YES;
				GCC_WARN_UNINITIALIZED_AUTOS = YES_AGGRESSIVE;
				GCC_WARN_UNUSED_FUNCTION = YES;
				GCC_WARN_UNUSED_VARIABLE = YES;
				IPHONEOS_DEPLOYMENT_TARGET = 18.0;
				LOCALIZATION_PREFERS_STRING_CATALOGS = YES;
				MTL_ENABLE_DEBUG_INFO = NO;
				MTL_FAST_MATH = YES;
				SDKROOT = iphoneos;
				SWIFT_COMPILATION_MODE = wholemodule;
				VALIDATE_PRODUCT = YES;
			};
			name = Release;
		};
/* End XCBuildConfiguration section */

/* Begin XCConfigurationList section */
		D004F89C2CB1029100D5A2CD /* Build configuration list for PBXProject "35th-SOPT-Seminar" */ = {
			isa = XCConfigurationList;
			buildConfigurations = (
				D004F8B72CB1029400D5A2CD /* Debug */,
				D004F8B82CB1029400D5A2CD /* Release */,
			);
			defaultConfigurationIsVisible = 0;
			defaultConfigurationName = Release;
		};
		D004F8B42CB1029400D5A2CD /* Build configuration list for PBXNativeTarget "35th-SOPT-Seminar" */ = {
			isa = XCConfigurationList;
			buildConfigurations = (
				D004F8B52CB1029400D5A2CD /* Debug */,
				D004F8B62CB1029400D5A2CD /* Release */,
			);
			defaultConfigurationIsVisible = 0;
			defaultConfigurationName = Release;
		};
/* End XCConfigurationList section */
	};
	rootObject = D004F8992CB1029100D5A2CD /* Project object */;
}
